
Microsoft Visual Studio Solution File, Format Version 12.00
# Visual Studio Version 16
VisualStudioVersion = 16.0.31702.278
MinimumVisualStudioVersion = 10.0.40219.1
Project("{8BC9CEB8-8B4A-11D0-8D11-00A0C91BC942}") = "CUDA101Try", "CUDA101Try\CUDA101Try.vcxproj", "{3C0B50D5-8328-448C-9E75-67FAAB7047CC}"
EndProject
Global
	GlobalSection(SolutionConfigurationPlatforms) = preSolution
		Debug|x64 = Debug|x64
		Release|x64 = Release|x64
	EndGlobalSection
	GlobalSection(ProjectConfigurationPlatforms) = postSolution
		{3C0B50D5-8328-448C-9E75-67FAAB7047CC}.Debug|x64.ActiveCfg = Debug|x64
		{3C0B50D5-8328-448C-9E75-67FAAB7047CC}.Debug|x64.Build.0 = Debug|x64
		{3C0B50D5-8328-448C-9E75-67FAAB7047CC}.Release|x64.ActiveCfg = Release|x64
		{3C0B50D5-8328-448C-9E75-67FAAB7047CC}.Release|x64.Build.0 = Release|x64
	EndGlobalSection
	GlobalSection(SolutionProperties) = preSolution
		HideSolutionNode = FALSE
	EndGlobalSection
	GlobalSection(ExtensibilityGlobals) = postSolution
		SolutionGuid = {6AA566AC-6033-422C-B2C0-70D276DCBC0F}
	EndGlobalSection
EndGlobal
